# This file was autogenerated by Stack.
# You should not edit this file by hand.
# For more information, please see the documentation at:
#   https://docs.haskellstack.org/en/stable/lock_files

packages:
- completed:
    hackage: word-compat-0.0.6@sha256:d732734492d91a0a2007154339ed8ed02d2c094340cee4af53db265d593f3fb2,1427
    pantry-tree:
      sha256: 182dc64fa0d1fc8eb235b26ae7f8801c848f8256b058e95518cd69fbcb739c38
      size: 355
  original:
    hackage: word-compat-0.0.6@sha256:d732734492d91a0a2007154339ed8ed02d2c094340cee4af53db265d593f3fb2,1427
snapshots:
- completed:
    sha256: ae630fb633086fb5128ec338a40a60c0f2b0a0f1bcfa9920c15855df2001338e
    size: 619204
    url: https://raw.githubusercontent.com/commercialhaskell/stackage-snapshots/master/lts/19/32.yaml
  original: lts-19.32
